
Microsoft Visual Studio Solution File, Format Version 12.00
# Visual Studio 14
VisualStudioVersion = 14.0.24720.0
MinimumVisualStudioVersion = 10.0.40219.1
Project("{FAE04EC0-301F-11D3-BF4B-00C04F79EFBC}") = "Dapplo.ActiveDirectory", "Dapplo.ActiveDirectory\Dapplo.ActiveDirectory.csproj", "{48096EBA-8C70-4E55-9ECE-367222156B05}"
EndProject
Project("{FAE04EC0-301F-11D3-BF4B-00C04F79EFBC}") = "Dapplo.ActiveDirectory.Tests", "Dapplo.ActiveDirectory.Tests\Dapplo.ActiveDirectory.Tests.csproj", "{72793912-F3A6-4779-991F-9D45E8539136}"
EndProject
Global
	GlobalSection(SolutionConfigurationPlatforms) = preSolution
		Debug|Any CPU = Debug|Any CPU
		Release|Any CPU = Release|Any CPU
	EndGlobalSection
	GlobalSection(ProjectConfigurationPlatforms) = postSolution
		{48096EBA-8C70-4E55-9ECE-367222156B05}.Debug|Any CPU.ActiveCfg = Debug|Any CPU
		{48096EBA-8C70-4E55-9ECE-367222156B05}.Debug|Any CPU.Build.0 = Debug|Any CPU
		{48096EBA-8C70-4E55-9ECE-367222156B05}.Release|Any CPU.ActiveCfg = Release|Any CPU
		{48096EBA-8C70-4E55-9ECE-367222156B05}.Release|Any CPU.Build.0 = Release|Any CPU
		{72793912-F3A6-4779-991F-9D45E8539136}.Debug|Any CPU.ActiveCfg = Debug|Any CPU
		{72793912-F3A6-4779-991F-9D45E8539136}.Debug|Any CPU.Build.0 = Debug|Any CPU
		{72793912-F3A6-4779-991F-9D45E8539136}.Release|Any CPU.ActiveCfg = Release|Any CPU
		{72793912-F3A6-4779-991F-9D45E8539136}.Release|Any CPU.Build.0 = Release|Any CPU
	EndGlobalSection
	GlobalSection(SolutionProperties) = preSolution
		HideSolutionNode = FALSE
	EndGlobalSection
EndGlobal
