
Microsoft Visual Studio Solution File, Format Version 12.00
# Visual Studio 14
VisualStudioVersion = 14.0.24720.0
MinimumVisualStudioVersion = 10.0.40219.1
Project("{FAE04EC0-301F-11D3-BF4B-00C04F79EFBC}") = "Dapplo.ActiveDirectory", "Dapplo.ActiveDirectory\Dapplo.ActiveDirectory.csproj", "{48096EBA-8C70-4E55-9ECE-367222156B05}"
EndProject
Project("{FAE04EC0-301F-11D3-BF4B-00C04F79EFBC}") = "Dapplo.ActiveDirectoryTests", "Dapplo.ActiveDirectoryTests\Dapplo.ActiveDirectoryTests.csproj", "{3B15D224-B7AD-4839-AC90-A0D2C81CE538}"
EndProject
Global
	GlobalSection(SolutionConfigurationPlatforms) = preSolution
		Debug|Any CPU = Debug|Any CPU
		Release|Any CPU = Release|Any CPU
	EndGlobalSection
	GlobalSection(ProjectConfigurationPlatforms) = postSolution
		{48096EBA-8C70-4E55-9ECE-367222156B05}.Debug|Any CPU.ActiveCfg = Debug|Any CPU
		{48096EBA-8C70-4E55-9ECE-367222156B05}.Debug|Any CPU.Build.0 = Debug|Any CPU
		{48096EBA-8C70-4E55-9ECE-367222156B05}.Release|Any CPU.ActiveCfg = Release|Any CPU
		{48096EBA-8C70-4E55-9ECE-367222156B05}.Release|Any CPU.Build.0 = Release|Any CPU
		{3B15D224-B7AD-4839-AC90-A0D2C81CE538}.Debug|Any CPU.ActiveCfg = Debug|Any CPU
		{3B15D224-B7AD-4839-AC90-A0D2C81CE538}.Debug|Any CPU.Build.0 = Debug|Any CPU
		{3B15D224-B7AD-4839-AC90-A0D2C81CE538}.Release|Any CPU.ActiveCfg = Release|Any CPU
		{3B15D224-B7AD-4839-AC90-A0D2C81CE538}.Release|Any CPU.Build.0 = Release|Any CPU
	EndGlobalSection
	GlobalSection(SolutionProperties) = preSolution
		HideSolutionNode = FALSE
	EndGlobalSection
EndGlobal
